
Microsoft Visual Studio Solution File, Format Version 12.00
# Visual Studio 14
VisualStudioVersion = 14.0.25420.1
MinimumVisualStudioVersion = 10.0.40219.1
Project("{2150E333-8FDC-42A3-9474-1A3956D46DE8}") = "Preparation", "Preparation", "{0760AB64-305A-4807-9620-D70D197A4933}"
EndProject
Project("{FAE04EC0-301F-11D3-BF4B-00C04F79EFBC}") = "Weighing.Preparation.DataAccess", "Weighing.Preparation.DataAccess\Weighing.Preparation.DataAccess.csproj", "{9373A131-42FD-4E7B-BE10-9E00351368B7}"
EndProject
Project("{FAE04EC0-301F-11D3-BF4B-00C04F79EFBC}") = "Weighing.Preparation.Models", "Weighing.Preparation.Models\Weighing.Preparation.Models.csproj", "{D5B2318B-3B67-48AD-B703-41FC6888E303}"
EndProject
Project("{2150E333-8FDC-42A3-9474-1A3956D46DE8}") = "Oracle", "Oracle", "{0CC5541D-1F88-41F9-B0D9-587562946C65}"
EndProject
Project("{FAE04EC0-301F-11D3-BF4B-00C04F79EFBC}") = "Weighing.Oracle.DataAccess", "Weighing.Oracle.DataAccess\Weighing.Oracle.DataAccess.csproj", "{0D65CE33-D32E-45B1-8081-67CDFE6646B8}"
EndProject
Project("{FAE04EC0-301F-11D3-BF4B-00C04F79EFBC}") = "Weighing.Oracle.Models", "Weighing.Oracle.Models\Weighing.Oracle.Models.csproj", "{6583992D-F1E3-4E82-A108-569B04F843B0}"
EndProject
Project("{FAE04EC0-301F-11D3-BF4B-00C04F79EFBC}") = "UnitTesting", "UnitTesting\UnitTesting.csproj", "{60DBBCE7-233D-4860-A686-4E8AA4556F74}"
EndProject
Project("{FAE04EC0-301F-11D3-BF4B-00C04F79EFBC}") = "Weighing.Oracle.Logic", "Weighing.Oracle.Logic\Weighing.Oracle.Logic.csproj", "{6D8B2298-644D-49C5-BC98-C61B5195D95E}"
EndProject
Project("{FAE04EC0-301F-11D3-BF4B-00C04F79EFBC}") = "Weighing.Entities", "Weighing.Entities\Weighing.Entities.csproj", "{9D7B8C70-D4D5-443B-8CBA-739C675AFAFA}"
EndProject
Project("{FAE04EC0-301F-11D3-BF4B-00C04F79EFBC}") = "Weighing.Preparation.Logic", "Weighing.Preparation.Logic\Weighing.Preparation.Logic.csproj", "{FC378BED-40CD-4C98-8C8D-37274C51CA84}"
EndProject
Project("{2150E333-8FDC-42A3-9474-1A3956D46DE8}") = "Terminal", "Terminal", "{1C8C47E0-F73B-4BD7-8178-ABF42BDA6708}"
EndProject
Project("{2150E333-8FDC-42A3-9474-1A3956D46DE8}") = "Debagging", "Debagging", "{244ABED7-A3C3-477C-9F78-240DA3105532}"
EndProject
Project("{FAE04EC0-301F-11D3-BF4B-00C04F79EFBC}") = "Weighing.Debagging.DataAccess", "Weighing.Debagging.DataAccess\Weighing.Debagging.DataAccess.csproj", "{CB527374-8428-40FF-895A-A3E097A79851}"
EndProject
Project("{FAE04EC0-301F-11D3-BF4B-00C04F79EFBC}") = "Weighing.Debagging.Models", "Weighing.Debagging.Models\Weighing.Debagging.Models.csproj", "{4F78498E-BBA1-4D51-A86A-EAA4596E5CE5}"
EndProject
Project("{FAE04EC0-301F-11D3-BF4B-00C04F79EFBC}") = "Weighing.Debagging.Logic", "Weighing.Debagging.Logic\Weighing.Debagging.Logic.csproj", "{4F9242CA-7AC9-4C02-9345-DC33FB4FEEF2}"
EndProject
Project("{2150E333-8FDC-42A3-9474-1A3956D46DE8}") = "Consolidation", "Consolidation", "{0B4AD6B3-C4E2-4EB1-B908-665B9C6A3C6F}"
EndProject
Project("{2150E333-8FDC-42A3-9474-1A3956D46DE8}") = "Consumption", "Consumption", "{73823913-6418-4FB2-853C-8780A734A5F9}"
EndProject
Project("{2150E333-8FDC-42A3-9474-1A3956D46DE8}") = "Setting", "Setting", "{B4C7314D-F5DF-4D12-B092-D93D55D4A506}"
EndProject
Project("{FAE04EC0-301F-11D3-BF4B-00C04F79EFBC}") = "Weighing.Terminal.DataAccess", "Weighing.Terminal.DataAccess\Weighing.Terminal.DataAccess.csproj", "{73D78958-D455-41AD-8768-4B5055F4BAAA}"
EndProject
Project("{FAE04EC0-301F-11D3-BF4B-00C04F79EFBC}") = "Weighing.Terminal.Models", "Weighing.Terminal.Models\Weighing.Terminal.Models.csproj", "{F956A15D-D96B-4A72-A4A3-0980468A8896}"
EndProject
Project("{FAE04EC0-301F-11D3-BF4B-00C04F79EFBC}") = "Weighing.Terminal.Logic", "Weighing.Terminal.Logic\Weighing.Terminal.Logic.csproj", "{5131CB42-182D-403D-92C6-256D797A9774}"
EndProject
Project("{2150E333-8FDC-42A3-9474-1A3956D46DE8}") = "Common", "Common", "{4D5C8AA9-978D-488E-B6F6-742180F43A9E}"
EndProject
Project("{FAE04EC0-301F-11D3-BF4B-00C04F79EFBC}") = "Weighing.Common.DataAccess", "Weighing.Common.DataAccess\Weighing.Common.DataAccess.csproj", "{ADAC2616-4CAC-463A-87D4-A4E15CA575BC}"
EndProject
Project("{FAE04EC0-301F-11D3-BF4B-00C04F79EFBC}") = "Weighing.Common.Models", "Weighing.Common.Models\Weighing.Common.Models.csproj", "{8F639E40-C578-4D65-84AF-554BBAEB2ED5}"
EndProject
Project("{FAE04EC0-301F-11D3-BF4B-00C04F79EFBC}") = "Weighing.Common.Logic", "Weighing.Common.Logic\Weighing.Common.Logic.csproj", "{D1DBBF2B-58ED-419F-B8D9-DFF003264A57}"
EndProject
Project("{FAE04EC0-301F-11D3-BF4B-00C04F79EFBC}") = "Weighing.App.Web", "Weighing.App.Web\Weighing.App.Web.csproj", "{BF717D63-84A7-4C16-B466-4352A199C7CD}"
EndProject
Project("{2150E333-8FDC-42A3-9474-1A3956D46DE8}") = "AccountManagement", "AccountManagement", "{9D279F05-3131-4DB3-9A08-58E3B3909CFA}"
EndProject
Project("{FAE04EC0-301F-11D3-BF4B-00C04F79EFBC}") = "AccountManagement.DataAccess", "AccountManagement.DataAccess\AccountManagement.DataAccess.csproj", "{2E5AC024-09CC-4DC1-BE03-1737C437C9ED}"
EndProject
Project("{FAE04EC0-301F-11D3-BF4B-00C04F79EFBC}") = "AccountManagement.Models", "AccountManagement.Models\AccountManagement.Models.csproj", "{99B21044-5675-4566-B370-725372EEDAA5}"
EndProject
Project("{FAE04EC0-301F-11D3-BF4B-00C04F79EFBC}") = "AccountManagement.Logic", "AccountManagement.Logic\AccountManagement.Logic.csproj", "{2890EC9F-DF50-4F9D-9760-55F7E74D1D03}"
EndProject
Project("{FAE04EC0-301F-11D3-BF4B-00C04F79EFBC}") = "Weighing.App.Terminal", "Weighing.App.Terminal\Weighing.App.Terminal.csproj", "{FB89F830-9695-466E-B495-6D7E1E3AD198}"
EndProject
Project("{FAE04EC0-301F-11D3-BF4B-00C04F79EFBC}") = "Weighing.Setting.DataAccess", "Setting.DataAccess\Weighing.Setting.DataAccess.csproj", "{D6190988-E527-4556-B29D-479E2A1E151F}"
EndProject
Project("{FAE04EC0-301F-11D3-BF4B-00C04F79EFBC}") = "Weighing.Setting.Models", "Setting.Models\Weighing.Setting.Models.csproj", "{D6A222BA-BF36-4DAE-B0EE-22E1F54C17B5}"
EndProject
Project("{FAE04EC0-301F-11D3-BF4B-00C04F79EFBC}") = "Weighing.Setting.Logic", "Setting.Logic\Weighing.Setting.Logic.csproj", "{4917FD11-07EC-4019-924C-9F5AD5CD46D2}"
EndProject
Global
	GlobalSection(SolutionConfigurationPlatforms) = preSolution
		Debug|Any CPU = Debug|Any CPU
		Release|Any CPU = Release|Any CPU
	EndGlobalSection
	GlobalSection(ProjectConfigurationPlatforms) = postSolution
		{9373A131-42FD-4E7B-BE10-9E00351368B7}.Debug|Any CPU.ActiveCfg = Debug|Any CPU
		{9373A131-42FD-4E7B-BE10-9E00351368B7}.Debug|Any CPU.Build.0 = Debug|Any CPU
		{9373A131-42FD-4E7B-BE10-9E00351368B7}.Release|Any CPU.ActiveCfg = Release|Any CPU
		{9373A131-42FD-4E7B-BE10-9E00351368B7}.Release|Any CPU.Build.0 = Release|Any CPU
		{D5B2318B-3B67-48AD-B703-41FC6888E303}.Debug|Any CPU.ActiveCfg = Debug|Any CPU
		{D5B2318B-3B67-48AD-B703-41FC6888E303}.Debug|Any CPU.Build.0 = Debug|Any CPU
		{D5B2318B-3B67-48AD-B703-41FC6888E303}.Release|Any CPU.ActiveCfg = Release|Any CPU
		{D5B2318B-3B67-48AD-B703-41FC6888E303}.Release|Any CPU.Build.0 = Release|Any CPU
		{0D65CE33-D32E-45B1-8081-67CDFE6646B8}.Debug|Any CPU.ActiveCfg = Debug|Any CPU
		{0D65CE33-D32E-45B1-8081-67CDFE6646B8}.Debug|Any CPU.Build.0 = Debug|Any CPU
		{0D65CE33-D32E-45B1-8081-67CDFE6646B8}.Release|Any CPU.ActiveCfg = Release|Any CPU
		{0D65CE33-D32E-45B1-8081-67CDFE6646B8}.Release|Any CPU.Build.0 = Release|Any CPU
		{6583992D-F1E3-4E82-A108-569B04F843B0}.Debug|Any CPU.ActiveCfg = Debug|Any CPU
		{6583992D-F1E3-4E82-A108-569B04F843B0}.Debug|Any CPU.Build.0 = Debug|Any CPU
		{6583992D-F1E3-4E82-A108-569B04F843B0}.Release|Any CPU.ActiveCfg = Release|Any CPU
		{6583992D-F1E3-4E82-A108-569B04F843B0}.Release|Any CPU.Build.0 = Release|Any CPU
		{60DBBCE7-233D-4860-A686-4E8AA4556F74}.Debug|Any CPU.ActiveCfg = Debug|Any CPU
		{60DBBCE7-233D-4860-A686-4E8AA4556F74}.Debug|Any CPU.Build.0 = Debug|Any CPU
		{60DBBCE7-233D-4860-A686-4E8AA4556F74}.Release|Any CPU.ActiveCfg = Release|Any CPU
		{60DBBCE7-233D-4860-A686-4E8AA4556F74}.Release|Any CPU.Build.0 = Release|Any CPU
		{6D8B2298-644D-49C5-BC98-C61B5195D95E}.Debug|Any CPU.ActiveCfg = Debug|Any CPU
		{6D8B2298-644D-49C5-BC98-C61B5195D95E}.Debug|Any CPU.Build.0 = Debug|Any CPU
		{6D8B2298-644D-49C5-BC98-C61B5195D95E}.Release|Any CPU.ActiveCfg = Release|Any CPU
		{6D8B2298-644D-49C5-BC98-C61B5195D95E}.Release|Any CPU.Build.0 = Release|Any CPU
		{9D7B8C70-D4D5-443B-8CBA-739C675AFAFA}.Debug|Any CPU.ActiveCfg = Debug|Any CPU
		{9D7B8C70-D4D5-443B-8CBA-739C675AFAFA}.Debug|Any CPU.Build.0 = Debug|Any CPU
		{9D7B8C70-D4D5-443B-8CBA-739C675AFAFA}.Release|Any CPU.ActiveCfg = Release|Any CPU
		{9D7B8C70-D4D5-443B-8CBA-739C675AFAFA}.Release|Any CPU.Build.0 = Release|Any CPU
		{FC378BED-40CD-4C98-8C8D-37274C51CA84}.Debug|Any CPU.ActiveCfg = Debug|Any CPU
		{FC378BED-40CD-4C98-8C8D-37274C51CA84}.Debug|Any CPU.Build.0 = Debug|Any CPU
		{FC378BED-40CD-4C98-8C8D-37274C51CA84}.Release|Any CPU.ActiveCfg = Release|Any CPU
		{FC378BED-40CD-4C98-8C8D-37274C51CA84}.Release|Any CPU.Build.0 = Release|Any CPU
		{CB527374-8428-40FF-895A-A3E097A79851}.Debug|Any CPU.ActiveCfg = Debug|Any CPU
		{CB527374-8428-40FF-895A-A3E097A79851}.Debug|Any CPU.Build.0 = Debug|Any CPU
		{CB527374-8428-40FF-895A-A3E097A79851}.Release|Any CPU.ActiveCfg = Release|Any CPU
		{CB527374-8428-40FF-895A-A3E097A79851}.Release|Any CPU.Build.0 = Release|Any CPU
		{4F78498E-BBA1-4D51-A86A-EAA4596E5CE5}.Debug|Any CPU.ActiveCfg = Debug|Any CPU
		{4F78498E-BBA1-4D51-A86A-EAA4596E5CE5}.Debug|Any CPU.Build.0 = Debug|Any CPU
		{4F78498E-BBA1-4D51-A86A-EAA4596E5CE5}.Release|Any CPU.ActiveCfg = Release|Any CPU
		{4F78498E-BBA1-4D51-A86A-EAA4596E5CE5}.Release|Any CPU.Build.0 = Release|Any CPU
		{4F9242CA-7AC9-4C02-9345-DC33FB4FEEF2}.Debug|Any CPU.ActiveCfg = Debug|Any CPU
		{4F9242CA-7AC9-4C02-9345-DC33FB4FEEF2}.Debug|Any CPU.Build.0 = Debug|Any CPU
		{4F9242CA-7AC9-4C02-9345-DC33FB4FEEF2}.Release|Any CPU.ActiveCfg = Release|Any CPU
		{4F9242CA-7AC9-4C02-9345-DC33FB4FEEF2}.Release|Any CPU.Build.0 = Release|Any CPU
		{73D78958-D455-41AD-8768-4B5055F4BAAA}.Debug|Any CPU.ActiveCfg = Debug|Any CPU
		{73D78958-D455-41AD-8768-4B5055F4BAAA}.Debug|Any CPU.Build.0 = Debug|Any CPU
		{73D78958-D455-41AD-8768-4B5055F4BAAA}.Release|Any CPU.ActiveCfg = Release|Any CPU
		{73D78958-D455-41AD-8768-4B5055F4BAAA}.Release|Any CPU.Build.0 = Release|Any CPU
		{F956A15D-D96B-4A72-A4A3-0980468A8896}.Debug|Any CPU.ActiveCfg = Debug|Any CPU
		{F956A15D-D96B-4A72-A4A3-0980468A8896}.Debug|Any CPU.Build.0 = Debug|Any CPU
		{F956A15D-D96B-4A72-A4A3-0980468A8896}.Release|Any CPU.ActiveCfg = Release|Any CPU
		{F956A15D-D96B-4A72-A4A3-0980468A8896}.Release|Any CPU.Build.0 = Release|Any CPU
		{5131CB42-182D-403D-92C6-256D797A9774}.Debug|Any CPU.ActiveCfg = Debug|Any CPU
		{5131CB42-182D-403D-92C6-256D797A9774}.Debug|Any CPU.Build.0 = Debug|Any CPU
		{5131CB42-182D-403D-92C6-256D797A9774}.Release|Any CPU.ActiveCfg = Release|Any CPU
		{5131CB42-182D-403D-92C6-256D797A9774}.Release|Any CPU.Build.0 = Release|Any CPU
		{ADAC2616-4CAC-463A-87D4-A4E15CA575BC}.Debug|Any CPU.ActiveCfg = Debug|Any CPU
		{ADAC2616-4CAC-463A-87D4-A4E15CA575BC}.Debug|Any CPU.Build.0 = Debug|Any CPU
		{ADAC2616-4CAC-463A-87D4-A4E15CA575BC}.Release|Any CPU.ActiveCfg = Release|Any CPU
		{ADAC2616-4CAC-463A-87D4-A4E15CA575BC}.Release|Any CPU.Build.0 = Release|Any CPU
		{8F639E40-C578-4D65-84AF-554BBAEB2ED5}.Debug|Any CPU.ActiveCfg = Debug|Any CPU
		{8F639E40-C578-4D65-84AF-554BBAEB2ED5}.Debug|Any CPU.Build.0 = Debug|Any CPU
		{8F639E40-C578-4D65-84AF-554BBAEB2ED5}.Release|Any CPU.ActiveCfg = Release|Any CPU
		{8F639E40-C578-4D65-84AF-554BBAEB2ED5}.Release|Any CPU.Build.0 = Release|Any CPU
		{D1DBBF2B-58ED-419F-B8D9-DFF003264A57}.Debug|Any CPU.ActiveCfg = Debug|Any CPU
		{D1DBBF2B-58ED-419F-B8D9-DFF003264A57}.Debug|Any CPU.Build.0 = Debug|Any CPU
		{D1DBBF2B-58ED-419F-B8D9-DFF003264A57}.Release|Any CPU.ActiveCfg = Release|Any CPU
		{D1DBBF2B-58ED-419F-B8D9-DFF003264A57}.Release|Any CPU.Build.0 = Release|Any CPU
		{BF717D63-84A7-4C16-B466-4352A199C7CD}.Debug|Any CPU.ActiveCfg = Debug|Any CPU
		{BF717D63-84A7-4C16-B466-4352A199C7CD}.Debug|Any CPU.Build.0 = Debug|Any CPU
		{BF717D63-84A7-4C16-B466-4352A199C7CD}.Release|Any CPU.ActiveCfg = Release|Any CPU
		{BF717D63-84A7-4C16-B466-4352A199C7CD}.Release|Any CPU.Build.0 = Release|Any CPU
		{2E5AC024-09CC-4DC1-BE03-1737C437C9ED}.Debug|Any CPU.ActiveCfg = Debug|Any CPU
		{2E5AC024-09CC-4DC1-BE03-1737C437C9ED}.Debug|Any CPU.Build.0 = Debug|Any CPU
		{2E5AC024-09CC-4DC1-BE03-1737C437C9ED}.Release|Any CPU.ActiveCfg = Release|Any CPU
		{2E5AC024-09CC-4DC1-BE03-1737C437C9ED}.Release|Any CPU.Build.0 = Release|Any CPU
		{99B21044-5675-4566-B370-725372EEDAA5}.Debug|Any CPU.ActiveCfg = Debug|Any CPU
		{99B21044-5675-4566-B370-725372EEDAA5}.Debug|Any CPU.Build.0 = Debug|Any CPU
		{99B21044-5675-4566-B370-725372EEDAA5}.Release|Any CPU.ActiveCfg = Release|Any CPU
		{99B21044-5675-4566-B370-725372EEDAA5}.Release|Any CPU.Build.0 = Release|Any CPU
		{2890EC9F-DF50-4F9D-9760-55F7E74D1D03}.Debug|Any CPU.ActiveCfg = Debug|Any CPU
		{2890EC9F-DF50-4F9D-9760-55F7E74D1D03}.Debug|Any CPU.Build.0 = Debug|Any CPU
		{2890EC9F-DF50-4F9D-9760-55F7E74D1D03}.Release|Any CPU.ActiveCfg = Release|Any CPU
		{2890EC9F-DF50-4F9D-9760-55F7E74D1D03}.Release|Any CPU.Build.0 = Release|Any CPU
		{FB89F830-9695-466E-B495-6D7E1E3AD198}.Debug|Any CPU.ActiveCfg = Debug|Any CPU
		{FB89F830-9695-466E-B495-6D7E1E3AD198}.Debug|Any CPU.Build.0 = Debug|Any CPU
		{FB89F830-9695-466E-B495-6D7E1E3AD198}.Release|Any CPU.ActiveCfg = Release|Any CPU
		{FB89F830-9695-466E-B495-6D7E1E3AD198}.Release|Any CPU.Build.0 = Release|Any CPU
		{D6190988-E527-4556-B29D-479E2A1E151F}.Debug|Any CPU.ActiveCfg = Debug|Any CPU
		{D6190988-E527-4556-B29D-479E2A1E151F}.Debug|Any CPU.Build.0 = Debug|Any CPU
		{D6190988-E527-4556-B29D-479E2A1E151F}.Release|Any CPU.ActiveCfg = Release|Any CPU
		{D6190988-E527-4556-B29D-479E2A1E151F}.Release|Any CPU.Build.0 = Release|Any CPU
		{D6A222BA-BF36-4DAE-B0EE-22E1F54C17B5}.Debug|Any CPU.ActiveCfg = Debug|Any CPU
		{D6A222BA-BF36-4DAE-B0EE-22E1F54C17B5}.Debug|Any CPU.Build.0 = Debug|Any CPU
		{D6A222BA-BF36-4DAE-B0EE-22E1F54C17B5}.Release|Any CPU.ActiveCfg = Release|Any CPU
		{D6A222BA-BF36-4DAE-B0EE-22E1F54C17B5}.Release|Any CPU.Build.0 = Release|Any CPU
		{4917FD11-07EC-4019-924C-9F5AD5CD46D2}.Debug|Any CPU.ActiveCfg = Debug|Any CPU
		{4917FD11-07EC-4019-924C-9F5AD5CD46D2}.Debug|Any CPU.Build.0 = Debug|Any CPU
		{4917FD11-07EC-4019-924C-9F5AD5CD46D2}.Release|Any CPU.ActiveCfg = Release|Any CPU
		{4917FD11-07EC-4019-924C-9F5AD5CD46D2}.Release|Any CPU.Build.0 = Release|Any CPU
	EndGlobalSection
	GlobalSection(SolutionProperties) = preSolution
		HideSolutionNode = FALSE
	EndGlobalSection
	GlobalSection(NestedProjects) = preSolution
		{9373A131-42FD-4E7B-BE10-9E00351368B7} = {0760AB64-305A-4807-9620-D70D197A4933}
		{D5B2318B-3B67-48AD-B703-41FC6888E303} = {0760AB64-305A-4807-9620-D70D197A4933}
		{0D65CE33-D32E-45B1-8081-67CDFE6646B8} = {0CC5541D-1F88-41F9-B0D9-587562946C65}
		{6583992D-F1E3-4E82-A108-569B04F843B0} = {0CC5541D-1F88-41F9-B0D9-587562946C65}
		{6D8B2298-644D-49C5-BC98-C61B5195D95E} = {0CC5541D-1F88-41F9-B0D9-587562946C65}
		{FC378BED-40CD-4C98-8C8D-37274C51CA84} = {0760AB64-305A-4807-9620-D70D197A4933}
		{CB527374-8428-40FF-895A-A3E097A79851} = {244ABED7-A3C3-477C-9F78-240DA3105532}
		{4F78498E-BBA1-4D51-A86A-EAA4596E5CE5} = {244ABED7-A3C3-477C-9F78-240DA3105532}
		{4F9242CA-7AC9-4C02-9345-DC33FB4FEEF2} = {244ABED7-A3C3-477C-9F78-240DA3105532}
		{73D78958-D455-41AD-8768-4B5055F4BAAA} = {1C8C47E0-F73B-4BD7-8178-ABF42BDA6708}
		{F956A15D-D96B-4A72-A4A3-0980468A8896} = {1C8C47E0-F73B-4BD7-8178-ABF42BDA6708}
		{5131CB42-182D-403D-92C6-256D797A9774} = {1C8C47E0-F73B-4BD7-8178-ABF42BDA6708}
		{ADAC2616-4CAC-463A-87D4-A4E15CA575BC} = {4D5C8AA9-978D-488E-B6F6-742180F43A9E}
		{8F639E40-C578-4D65-84AF-554BBAEB2ED5} = {4D5C8AA9-978D-488E-B6F6-742180F43A9E}
		{D1DBBF2B-58ED-419F-B8D9-DFF003264A57} = {4D5C8AA9-978D-488E-B6F6-742180F43A9E}
		{2E5AC024-09CC-4DC1-BE03-1737C437C9ED} = {9D279F05-3131-4DB3-9A08-58E3B3909CFA}
		{99B21044-5675-4566-B370-725372EEDAA5} = {9D279F05-3131-4DB3-9A08-58E3B3909CFA}
		{2890EC9F-DF50-4F9D-9760-55F7E74D1D03} = {9D279F05-3131-4DB3-9A08-58E3B3909CFA}
		{D6190988-E527-4556-B29D-479E2A1E151F} = {B4C7314D-F5DF-4D12-B092-D93D55D4A506}
		{D6A222BA-BF36-4DAE-B0EE-22E1F54C17B5} = {B4C7314D-F5DF-4D12-B092-D93D55D4A506}
		{4917FD11-07EC-4019-924C-9F5AD5CD46D2} = {B4C7314D-F5DF-4D12-B092-D93D55D4A506}
	EndGlobalSection
	GlobalSection(TeamFoundationVersionControl) = preSolution
		SccNumberOfProjects = 26
		SccEnterpriseProvider = {4CA58AB2-18FA-4F8D-95D4-32DDF27D184C}
		SccTeamFoundationServer = http://tfs:8080/tfs/weighing%20management%20system
		SccLocalPath0 = .
		SccProjectUniqueName1 = UnitTesting\\UnitTesting.csproj
		SccProjectName1 = UnitTesting
		SccLocalPath1 = UnitTesting
		SccProjectUniqueName2 = Weighing.App.Web\\Weighing.App.Web.csproj
		SccProjectName2 = Weighing.App.Web
		SccLocalPath2 = Weighing.App.Web
		SccProjectUniqueName3 = Weighing.Common.DataAccess\\Weighing.Common.DataAccess.csproj
		SccProjectTopLevelParentUniqueName3 = WeighingManagementSystem.sln
		SccProjectName3 = Weighing.Common.DataAccess
		SccLocalPath3 = Weighing.Common.DataAccess
		SccProjectUniqueName4 = Weighing.Common.Logic\\Weighing.Common.Logic.csproj
		SccProjectTopLevelParentUniqueName4 = WeighingManagementSystem.sln
		SccProjectName4 = Weighing.Common.Logic
		SccLocalPath4 = Weighing.Common.Logic
		SccProjectUniqueName5 = Weighing.Common.Models\\Weighing.Common.Models.csproj
		SccProjectTopLevelParentUniqueName5 = WeighingManagementSystem.sln
		SccProjectName5 = Weighing.Common.Models
		SccLocalPath5 = Weighing.Common.Models
		SccProjectUniqueName6 = Weighing.Debagging.DataAccess\\Weighing.Debagging.DataAccess.csproj
		SccProjectTopLevelParentUniqueName6 = WeighingManagementSystem.sln
		SccProjectName6 = Weighing.Debagging.DataAccess
		SccLocalPath6 = Weighing.Debagging.DataAccess
		SccProjectUniqueName7 = Weighing.Debagging.Logic\\Weighing.Debagging.Logic.csproj
		SccProjectTopLevelParentUniqueName7 = WeighingManagementSystem.sln
		SccProjectName7 = Weighing.Debagging.Logic
		SccLocalPath7 = Weighing.Debagging.Logic
		SccProjectUniqueName8 = Weighing.Debagging.Models\\Weighing.Debagging.Models.csproj
		SccProjectTopLevelParentUniqueName8 = WeighingManagementSystem.sln
		SccProjectName8 = Weighing.Debagging.Models
		SccLocalPath8 = Weighing.Debagging.Models
		SccProjectUniqueName9 = Weighing.Entities\\Weighing.Entities.csproj
		SccProjectName9 = Weighing.Entities
		SccLocalPath9 = Weighing.Entities
		SccProjectUniqueName10 = Weighing.Oracle.DataAccess\\Weighing.Oracle.DataAccess.csproj
		SccProjectTopLevelParentUniqueName10 = WeighingManagementSystem.sln
		SccProjectName10 = Weighing.Oracle.DataAccess
		SccLocalPath10 = Weighing.Oracle.DataAccess
		SccProjectUniqueName11 = Weighing.Oracle.Logic\\Weighing.Oracle.Logic.csproj
		SccProjectTopLevelParentUniqueName11 = WeighingManagementSystem.sln
		SccProjectName11 = Weighing.Oracle.Logic
		SccLocalPath11 = Weighing.Oracle.Logic
		SccProjectUniqueName12 = Weighing.Oracle.Models\\Weighing.Oracle.Models.csproj
		SccProjectTopLevelParentUniqueName12 = WeighingManagementSystem.sln
		SccProjectName12 = Weighing.Oracle.Models
		SccLocalPath12 = Weighing.Oracle.Models
		SccProjectUniqueName13 = Weighing.Preparation.DataAccess\\Weighing.Preparation.DataAccess.csproj
		SccProjectTopLevelParentUniqueName13 = WeighingManagementSystem.sln
		SccProjectName13 = Weighing.Preparation.DataAccess
		SccLocalPath13 = Weighing.Preparation.DataAccess
		SccProjectUniqueName14 = Weighing.Preparation.Logic\\Weighing.Preparation.Logic.csproj
		SccProjectTopLevelParentUniqueName14 = WeighingManagementSystem.sln
		SccProjectName14 = Weighing.Preparation.Logic
		SccLocalPath14 = Weighing.Preparation.Logic
		SccProjectUniqueName15 = Weighing.Preparation.Models\\Weighing.Preparation.Models.csproj
		SccProjectTopLevelParentUniqueName15 = WeighingManagementSystem.sln
		SccProjectName15 = Weighing.Preparation.Models
		SccLocalPath15 = Weighing.Preparation.Models
		SccProjectUniqueName16 = Weighing.Terminal.DataAccess\\Weighing.Terminal.DataAccess.csproj
		SccProjectTopLevelParentUniqueName16 = WeighingManagementSystem.sln
		SccProjectName16 = Weighing.Terminal.DataAccess
		SccLocalPath16 = Weighing.Terminal.DataAccess
		SccProjectUniqueName17 = Weighing.Terminal.Logic\\Weighing.Terminal.Logic.csproj
		SccProjectTopLevelParentUniqueName17 = WeighingManagementSystem.sln
		SccProjectName17 = Weighing.Terminal.Logic
		SccLocalPath17 = Weighing.Terminal.Logic
		SccProjectUniqueName18 = Weighing.Terminal.Models\\Weighing.Terminal.Models.csproj
		SccProjectTopLevelParentUniqueName18 = WeighingManagementSystem.sln
		SccProjectName18 = Weighing.Terminal.Models
		SccLocalPath18 = Weighing.Terminal.Models
		SccProjectUniqueName19 = AccountManagement.DataAccess\\AccountManagement.DataAccess.csproj
		SccProjectTopLevelParentUniqueName19 = WeighingManagementSystem.sln
		SccProjectName19 = AccountManagement.DataAccess
		SccLocalPath19 = AccountManagement.DataAccess
		SccProjectUniqueName20 = AccountManagement.Models\\AccountManagement.Models.csproj
		SccProjectTopLevelParentUniqueName20 = WeighingManagementSystem.sln
		SccProjectName20 = AccountManagement.Models
		SccLocalPath20 = AccountManagement.Models
		SccProjectUniqueName21 = AccountManagement.Logic\\AccountManagement.Logic.csproj
		SccProjectTopLevelParentUniqueName21 = WeighingManagementSystem.sln
		SccProjectName21 = AccountManagement.Logic
		SccLocalPath21 = AccountManagement.Logic
		SccProjectUniqueName22 = Weighing.App.Terminal\\Weighing.App.Terminal.csproj
		SccProjectName22 = Weighing.App.Terminal
		SccLocalPath22 = Weighing.App.Terminal
		SccProjectUniqueName23 = Setting.DataAccess\\Weighing.Setting.DataAccess.csproj
		SccProjectTopLevelParentUniqueName23 = WeighingManagementSystem.sln
		SccProjectName23 = Setting.DataAccess
		SccLocalPath23 = Setting.DataAccess
		SccProjectUniqueName24 = Setting.Logic\\Weighing.Setting.Logic.csproj
		SccProjectTopLevelParentUniqueName24 = WeighingManagementSystem.sln
		SccProjectName24 = Setting.Logic
		SccLocalPath24 = Setting.Logic
		SccProjectUniqueName25 = Setting.Models\\Weighing.Setting.Models.csproj
		SccProjectTopLevelParentUniqueName25 = WeighingManagementSystem.sln
		SccProjectName25 = Setting.Models
		SccLocalPath25 = Setting.Models
	EndGlobalSection
EndGlobal
